// !$*UTF8*$!
{
	archiveVersion = 1;
	classes = {
	};
	objectVersion = 46;
	objects = {

/* Begin PBXBuildFile section */
		5C4411971D3F440500783E14 /* UIKit.framework in Frameworks */ = {isa = PBXBuildFile; fileRef = 5C4411961D3F440500783E14 /* UIKit.framework */; };
		5C4411991D3F440C00783E14 /* Foundation.framework in Frameworks */ = {isa = PBXBuildFile; fileRef = 5C4411981D3F440B00783E14 /* Foundation.framework */; };
		5C903B811D3F3CF200AEA171 /* AppDelegate.swift in Sources */ = {isa = PBXBuildFile; fileRef = 5C903B801D3F3CF200AEA171 /* AppDelegate.swift */; };
		5C903B861D3F3CF200AEA171 /* Main.storyboard in Resources */ = {isa = PBXBuildFile; fileRef = 5C903B841D3F3CF200AEA171 /* Main.storyboard */; };
		5C903B881D3F3CF200AEA171 /* Assets.xcassets in Resources */ = {isa = PBXBuildFile; fileRef = 5C903B871D3F3CF200AEA171 /* Assets.xcassets */; };
		5C903B8B1D3F3CF200AEA171 /* LaunchScreen.storyboard in Resources */ = {isa = PBXBuildFile; fileRef = 5C903B891D3F3CF200AEA171 /* LaunchScreen.storyboard */; };
/* End PBXBuildFile section */

/* Begin PBXFileReference section */
		5C4411961D3F440500783E14 /* UIKit.framework */ = {isa = PBXFileReference; lastKnownFileType = wrapper.framework; name = UIKit.framework; path = System/Library/Frameworks/UIKit.framework; sourceTree = SDKROOT; };
		5C4411981D3F440B00783E14 /* Foundation.framework */ = {isa = PBXFileReference; lastKnownFileType = wrapper.framework; name = Foundation.framework; path = System/Library/Frameworks/Foundation.framework; sourceTree = SDKROOT; };
		5C903B7D1D3F3CF200AEA171 /* Paqure.app */ = {isa = PBXFileReference; explicitFileType = wrapper.application; includeInIndex = 0; path = Paqure.app; sourceTree = BUILT_PRODUCTS_DIR; };
		5C903B801D3F3CF200AEA171 /* AppDelegate.swift */ = {isa = PBXFileReference; lastKnownFileType = sourcecode.swift; path = AppDelegate.swift; sourceTree = "<group>"; };
		5C903B851D3F3CF200AEA171 /* Base */ = {isa = PBXFileReference; lastKnownFileType = file.storyboard; name = Base; path = Base.lproj/Main.storyboard; sourceTree = "<group>"; };
		5C903B871D3F3CF200AEA171 /* Assets.xcassets */ = {isa = PBXFileReference; lastKnownFileType = folder.assetcatalog; path = Assets.xcassets; sourceTree = "<group>"; };
		5C903B8A1D3F3CF200AEA171 /* Base */ = {isa = PBXFileReference; lastKnownFileType = file.storyboard; name = Base; path = Base.lproj/LaunchScreen.storyboard; sourceTree = "<group>"; };
		5C903B8C1D3F3CF200AEA171 /* Info.plist */ = {isa = PBXFileReference; lastKnownFileType = text.plist.xml; path = Info.plist; sourceTree = "<group>"; };
/* End PBXFileReference section */

/* Begin PBXFrameworksBuildPhase section */
		5C903B7A1D3F3CF200AEA171 /* Frameworks */ = {
			isa = PBXFrameworksBuildPhase;
			buildActionMask = 2147483647;
			files = (
				5C4411991D3F440C00783E14 /* Foundation.framework in Frameworks */,
				5C4411971D3F440500783E14 /* UIKit.framework in Frameworks */,
			);
			runOnlyForDeploymentPostprocessing = 0;
		};
/* End PBXFrameworksBuildPhase section */

/* Begin PBXGroup section */
		5C44119A1D3F446A00783E14 /* Frameworks */ = {
			isa = PBXGroup;
			children = (
				5C4411981D3F440B00783E14 /* Foundation.framework */,
				5C4411961D3F440500783E14 /* UIKit.framework */,
			);
			name = Frameworks;
			sourceTree = "<group>";
		};
		5C44119B1D3F44AD00783E14 /* Controllers */ = {
			isa = PBXGroup;
			children = (
			);
			name = Controllers;
			sourceTree = "<group>";
		};
		5C44119C1D3F44C500783E14 /* Managers */ = {
			isa = PBXGroup;
			children = (
			);
			name = Managers;
			sourceTree = "<group>";
		};
		5C44119D1D3F44D400783E14 /* Objects */ = {
			isa = PBXGroup;
			children = (
			);
			name = Objects;
			sourceTree = "<group>";
		};
		5C44119E1D3F44FD00783E14 /* Enums */ = {
			isa = PBXGroup;
			children = (
			);
			name = Enums;
			sourceTree = "<group>";
		};
		5C44119F1D3F453D00783E14 /* Tables */ = {
			isa = PBXGroup;
			children = (
			);
			name = Tables;
			sourceTree = "<group>";
		};
		5C4411A01D3F458200783E14 /* Views */ = {
			isa = PBXGroup;
			children = (
				5C903B841D3F3CF200AEA171 /* Main.storyboard */,
				5C903B891D3F3CF200AEA171 /* LaunchScreen.storyboard */,
			);
			name = Views;
			sourceTree = "<group>";
		};
		5C4411A11D3F462F00783E14 /* Extensions */ = {
			isa = PBXGroup;
			children = (
			);
			name = Extensions;
			sourceTree = "<group>";
		};
		5C903B741D3F3CF200AEA171 = {
			isa = PBXGroup;
			children = (
				5C44119A1D3F446A00783E14 /* Frameworks */,
				5C903B7F1D3F3CF200AEA171 /* Paqure */,
				5C903B7E1D3F3CF200AEA171 /* Products */,
			);
			sourceTree = "<group>";
		};
		5C903B7E1D3F3CF200AEA171 /* Products */ = {
			isa = PBXGroup;
			children = (
				5C903B7D1D3F3CF200AEA171 /* Paqure.app */,
			);
			name = Products;
			sourceTree = "<group>";
		};
		5C903B7F1D3F3CF200AEA171 /* Paqure */ = {
			isa = PBXGroup;
			children = (
				5C903B801D3F3CF200AEA171 /* AppDelegate.swift */,
				5C44119D1D3F44D400783E14 /* Objects */,
				5C44119F1D3F453D00783E14 /* Tables */,
				5C44119C1D3F44C500783E14 /* Managers */,
				5C4411A01D3F458200783E14 /* Views */,
				5C44119B1D3F44AD00783E14 /* Controllers */,
				5C44119E1D3F44FD00783E14 /* Enums */,
				5C4411A11D3F462F00783E14 /* Extensions */,
				5C903B871D3F3CF200AEA171 /* Assets.xcassets */,
				5C903B8C1D3F3CF200AEA171 /* Info.plist */,
			);
			path = Paqure;
			sourceTree = "<group>";
		};
/* End PBXGroup section */

/* Begin PBXNativeTarget section */
		5C903B7C1D3F3CF200AEA171 /* Paqure */ = {
			isa = PBXNativeTarget;
			buildConfigurationList = 5C903B8F1D3F3CF200AEA171 /* Build configuration list for PBXNativeTarget "Paqure" */;
			buildPhases = (
				5C903B791D3F3CF200AEA171 /* Sources */,
				5C903B7A1D3F3CF200AEA171 /* Frameworks */,
				5C903B7B1D3F3CF200AEA171 /* Resources */,
			);
			buildRules = (
			);
			dependencies = (
			);
			name = Paqure;
			productName = Paqure;
			productReference = 5C903B7D1D3F3CF200AEA171 /* Paqure.app */;
			productType = "com.apple.product-type.application";
		};
/* End PBXNativeTarget section */

/* Begin PBXProject section */
		5C903B751D3F3CF200AEA171 /* Project object */ = {
			isa = PBXProject;
			attributes = {
				LastSwiftUpdateCheck = 0730;
				LastUpgradeCheck = 0730;
				ORGANIZATIONNAME = Digices;
				TargetAttributes = {
					5C903B7C1D3F3CF200AEA171 = {
						CreatedOnToolsVersion = 7.3.1;
						DevelopmentTeam = 25TP7657QT;
					};
				};
			};
			buildConfigurationList = 5C903B781D3F3CF200AEA171 /* Build configuration list for PBXProject "Paqure" */;
			compatibilityVersion = "Xcode 3.2";
			developmentRegion = English;
			hasScannedForEncodings = 0;
			knownRegions = (
				en,
				Base,
			);
			mainGroup = 5C903B741D3F3CF200AEA171;
			productRefGroup = 5C903B7E1D3F3CF200AEA171 /* Products */;
			projectDirPath = "";
			projectRoot = "";
			targets = (
				5C903B7C1D3F3CF200AEA171 /* Paqure */,
			);
		};
/* End PBXProject section */

/* Begin PBXResourcesBuildPhase section */
		5C903B7B1D3F3CF200AEA171 /* Resources */ = {
			isa = PBXResourcesBuildPhase;
			buildActionMask = 2147483647;
			files = (
				5C903B8B1D3F3CF200AEA171 /* LaunchScreen.storyboard in Resources */,
				5C903B881D3F3CF200AEA171 /* Assets.xcassets in Resources */,
				5C903B861D3F3CF200AEA171 /* Main.storyboard in Resources */,
			);
			runOnlyForDeploymentPostprocessing = 0;
		};
/* End PBXResourcesBuildPhase section */

/* Begin PBXSourcesBuildPhase section */
		5C903B791D3F3CF200AEA171 /* Sources */ = {
			isa = PBXSourcesBuildPhase;
			buildActionMask = 2147483647;
			files = (
				5C903B811D3F3CF200AEA171 /* AppDelegate.swift in Sources */,
			);
			runOnlyForDeploymentPostprocessing = 0;
		};
/* End PBXSourcesBuildPhase section */

/* Begin PBXVariantGroup section */
		5C903B841D3F3CF200AEA171 /* Main.storyboard */ = {
			isa = PBXVariantGroup;
			children = (
				5C903B851D3F3CF200AEA171 /* Base */,
			);
			name = Main.storyboard;
			sourceTree = "<group>";
		};
		5C903B891D3F3CF200AEA171 /* LaunchScreen.storyboard */ = {
			isa = PBXVariantGroup;
			children = (
				5C903B8A1D3F3CF200AEA171 /* Base */,
			);
			name = LaunchScreen.storyboard;
			sourceTree = "<group>";
		};
/* End PBXVariantGroup section */

/* Begin XCBuildConfiguration section */
		5C903B8D1D3F3CF200AEA171 /* Debug */ = {
			isa = XCBuildConfiguration;
			buildSettings = {
				ALWAYS_SEARCH_USER_PATHS = NO;
				CLANG_ANALYZER_NONNULL = YES;
				CLANG_CXX_LANGUAGE_STANDARD = "gnu++0x";
				CLANG_CXX_LIBRARY = "libc++";
				CLANG_ENABLE_MODULES = YES;
				CLANG_ENABLE_OBJC_ARC = YES;
				CLANG_WARN_BOOL_CONVERSION = YES;
				CLANG_WARN_CONSTANT_CONVERSION = YES;
				CLANG_WARN_DIRECT_OBJC_ISA_USAGE = YES_ERROR;
				CLANG_WARN_EMPTY_BODY = YES;
				CLANG_WARN_ENUM_CONVERSION = YES;
				CLANG_WARN_INT_CONVERSION = YES;
				CLANG_WARN_OBJC_ROOT_CLASS = YES_ERROR;
				CLANG_WARN_UNREACHABLE_CODE = YES;
				CLANG_WARN__DUPLICATE_METHOD_MATCH = YES;
				"CODE_SIGN_IDENTITY[sdk=iphoneos*]" = "iPhone Developer";
				COPY_PHASE_STRIP = NO;
				DEBUG_INFORMATION_FORMAT = dwarf;
				ENABLE_STRICT_OBJC_MSGSEND = YES;
				ENABLE_TESTABILITY = YES;
				GCC_C_LANGUAGE_STANDARD = gnu99;
				GCC_DYNAMIC_NO_PIC = NO;
				GCC_NO_COMMON_BLOCKS = YES;
				GCC_OPTIMIZATION_LEVEL = 0;
				GCC_PREPROCESSOR_DEFINITIONS = (
					"DEBUG=1",
					"$(inherited)",
				);
				GCC_WARN_64_TO_32_BIT_CONVERSION = YES;
				GCC_WARN_ABOUT_RETURN_TYPE = YES_ERROR;
				GCC_WARN_UNDECLARED_SELECTOR = YES;
				GCC_WARN_UNINITIALIZED_AUTOS = YES_AGGRESSIVE;
				GCC_WARN_UNUSED_FUNCTION = YES;
				GCC_WARN_UNUSED_VARIABLE = YES;
				IPHONEOS_DEPLOYMENT_TARGET = 9.3;
				MTL_ENABLE_DEBUG_INFO = YES;
				ONLY_ACTIVE_ARCH = YES;
				SDKROOT = iphoneos;
				SWIFT_OPTIMIZATION_LEVEL = "-Onone";
				TARGETED_DEVICE_FAMILY = "1,2";
			};
			name = Debug;
		};
		5C903B8E1D3F3CF200AEA171 /* Release */ = {
			isa = XCBuildConfiguration;
			buildSettings = {
				ALWAYS_SEARCH_USER_PATHS = NO;
				CLANG_ANALYZER_NONNULL = YES;
				CLANG_CXX_LANGUAGE_STANDARD = "gnu++0x";
				CLANG_CXX_LIBRARY = "libc++";
				CLANG_ENABLE_MODULES = YES;
				CLANG_ENABLE_OBJC_ARC = YES;
				CLANG_WARN_BOOL_CONVERSION = YES;
				CLANG_WARN_CONSTANT_CONVERSION = YES;
				CLANG_WARN_DIRECT_OBJC_ISA_USAGE = YES_ERROR;
				CLANG_WARN_EMPTY_BODY = YES;
				CLANG_WARN_ENUM_CONVERSION = YES;
				CLANG_WARN_INT_CONVERSION = YES;
				CLANG_WARN_OBJC_ROOT_CLASS = YES_ERROR;
				CLANG_WARN_UNREACHABLE_CODE = YES;
				CLANG_WARN__DUPLICATE_METHOD_MATCH = YES;
				"CODE_SIGN_IDENTITY[sdk=iphoneos*]" = "iPhone Developer";
				COPY_PHASE_STRIP = NO;
				DEBUG_INFORMATION_FORMAT = "dwarf-with-dsym";
				ENABLE_NS_ASSERTIONS = NO;
				ENABLE_STRICT_OBJC_MSGSEND = YES;
				GCC_C_LANGUAGE_STANDARD = gnu99;
				GCC_NO_COMMON_BLOCKS = YES;
				GCC_WARN_64_TO_32_BIT_CONVERSION = YES;
				GCC_WARN_ABOUT_RETURN_TYPE = YES_ERROR;
				GCC_WARN_UNDECLARED_SELECTOR = YES;
				GCC_WARN_UNINITIALIZED_AUTOS = YES_AGGRESSIVE;
				GCC_WARN_UNUSED_FUNCTION = YES;
				GCC_WARN_UNUSED_VARIABLE = YES;
				IPHONEOS_DEPLOYMENT_TARGET = 9.3;
				MTL_ENABLE_DEBUG_INFO = NO;
				SDKROOT = iphoneos;
				TARGETED_DEVICE_FAMILY = "1,2";
				VALIDATE_PRODUCT = YES;
			};
			name = Release;
		};
		5C903B901D3F3CF200AEA171 /* Debug */ = {
			isa = XCBuildConfiguration;
			buildSettings = {
				ASSETCATALOG_COMPILER_APPICON_NAME = AppIcon;
				CODE_SIGN_IDENTITY = "iPhone Developer";
				INFOPLIST_FILE = Paqure/Info.plist;
				LD_RUNPATH_SEARCH_PATHS = "$(inherited) @executable_path/Frameworks";
				PRODUCT_BUNDLE_IDENTIFIER = com.digices.Paqure;
				PRODUCT_NAME = "$(TARGET_NAME)";
			};
			name = Debug;
		};
		5C903B911D3F3CF200AEA171 /* Release */ = {
			isa = XCBuildConfiguration;
			buildSettings = {
				ASSETCATALOG_COMPILER_APPICON_NAME = AppIcon;
				CODE_SIGN_IDENTITY = "iPhone Developer";
				INFOPLIST_FILE = Paqure/Info.plist;
				LD_RUNPATH_SEARCH_PATHS = "$(inherited) @executable_path/Frameworks";
				PRODUCT_BUNDLE_IDENTIFIER = com.digices.Paqure;
				PRODUCT_NAME = "$(TARGET_NAME)";
			};
			name = Release;
		};
/* End XCBuildConfiguration section */

/* Begin XCConfigurationList section */
		5C903B781D3F3CF200AEA171 /* Build configuration list for PBXProject "Paqure" */ = {
			isa = XCConfigurationList;
			buildConfigurations = (
				5C903B8D1D3F3CF200AEA171 /* Debug */,
				5C903B8E1D3F3CF200AEA171 /* Release */,
			);
			defaultConfigurationIsVisible = 0;
			defaultConfigurationName = Release;
		};
		5C903B8F1D3F3CF200AEA171 /* Build configuration list for PBXNativeTarget "Paqure" */ = {
			isa = XCConfigurationList;
			buildConfigurations = (
				5C903B901D3F3CF200AEA171 /* Debug */,
				5C903B911D3F3CF200AEA171 /* Release */,
			);
			defaultConfigurationIsVisible = 0;
			defaultConfigurationName = Release;
		};
/* End XCConfigurationList section */
	};
	rootObject = 5C903B751D3F3CF200AEA171 /* Project object */;
}
